
Microsoft Visual Studio Solution File, Format Version 12.00
# Visual Studio Version 16
VisualStudioVersion = 16.0.30011.22
MinimumVisualStudioVersion = 10.0.40219.1
Project("{2150E333-8FDC-42A3-9474-1A3956D46DE8}") = "AdwardSoft.Presentation", "AdwardSoft.Presentation", "{E205D419-75F7-4B08-BFB0-FCFADEBC2939}"
EndProject
Project("{2150E333-8FDC-42A3-9474-1A3956D46DE8}") = "AdwardSoft.DistributedService", "AdwardSoft.DistributedService", "{BDD34E7C-0F5C-428E-B527-7FFA0E5985CF}"
EndProject
Project("{9A19103F-16F7-4668-BE54-9A1E7A4F7556}") = "AdwardSoft.Web.Inside", "AdwardSoft.Web.Inside\AdwardSoft.Web.Inside.csproj", "{79EA36E9-B27A-4C4E-929D-1E798683F901}"
EndProject
Project("{9A19103F-16F7-4668-BE54-9A1E7A4F7556}") = "AdwardSoft.API.Core", "AdwardSoft.API.Core\AdwardSoft.API.Core.csproj", "{4565B0A5-8D9D-4608-A8C3-C2D948677D7E}"
EndProject
Project("{9A19103F-16F7-4668-BE54-9A1E7A4F7556}") = "AdwardSoft.Repositories", "AdwardSoft.Repositories\AdwardSoft.Repositories.csproj", "{08ED6E89-6BEF-4D3B-9F76-002EC80087E3}"
EndProject
Project("{9A19103F-16F7-4668-BE54-9A1E7A4F7556}") = "AdwardSoft.DTO", "AdwardSoft.DTO\AdwardSoft.DTO.csproj", "{741ABE42-376A-429A-A0BB-BD51DBFD6CCF}"
EndProject
Project("{00D1A9C2-B5F0-4AF3-8072-F6C62B433612}") = "AdwardSoft.Db.Core", "AdwardSoft.Db.Core\AdwardSoft.Db.Core.sqlproj", "{7F764584-5B64-4062-BA95-EADE4E5D8515}"
EndProject
Project("{9A19103F-16F7-4668-BE54-9A1E7A4F7556}") = "AdwardSoft.Core", "AdwardSoft.Core\AdwardSoft.Core.csproj", "{1D21BAE7-E590-4EF0-8568-30B8EE77A7A4}"
EndProject
Project("{2150E333-8FDC-42A3-9474-1A3956D46DE8}") = "AdwardSoft.Infrastructure", "AdwardSoft.Infrastructure", "{C4B678AA-B960-4A8D-B34F-7192E44D6FF5}"
EndProject
Project("{2150E333-8FDC-42A3-9474-1A3956D46DE8}") = "AdwardSoft.Domain", "AdwardSoft.Domain", "{DF947708-B7E2-4192-BE07-76CF566C692F}"
EndProject
Project("{2150E333-8FDC-42A3-9474-1A3956D46DE8}") = "AdwardSoft.Databases", "AdwardSoft.Databases", "{ECD75A38-9338-4CF9-AB25-A28F3E780609}"
EndProject
Project("{9A19103F-16F7-4668-BE54-9A1E7A4F7556}") = "AdwardSoft.ValueObjects", "AdwardSoft.ValueObjects\AdwardSoft.ValueObjects.csproj", "{47CFDA29-5E29-4795-BD43-9DDE9FEF0A05}"
EndProject
Project("{00D1A9C2-B5F0-4AF3-8072-F6C62B433612}") = "AdwardSoft.Db.Identity", "AdwardSoft.Db.Identity\AdwardSoft.Db.Identity.sqlproj", "{86126E0A-0ED7-413E-B48F-8161A5DC472A}"
EndProject
Project("{9A19103F-16F7-4668-BE54-9A1E7A4F7556}") = "AdwardSoft.API.Auth", "AdwardSoft.API.Auth\AdwardSoft.API.Auth.csproj", "{5154DAA9-5C62-4AC0-8E2B-CCB5C0403D50}"
EndProject
Project("{9A19103F-16F7-4668-BE54-9A1E7A4F7556}") = "AdwardSoft.API.Identity", "AdwardSoft.API.Identity\AdwardSoft.API.Identity.csproj", "{CFEA547B-0835-45D3-A6F3-837C0534ECEF}"
EndProject
Project("{00D1A9C2-B5F0-4AF3-8072-F6C62B433612}") = "AdwardSoft.Db.POS", "AdwardSoft.Db.POS\AdwardSoft.Db.POS.sqlproj", "{F486DA30-84D9-439F-8558-665D0B76993C}"
EndProject
Project("{9A19103F-16F7-4668-BE54-9A1E7A4F7556}") = "AdwardSoft.API.POS", "AdwardSoft.API.POS\AdwardSoft.API.POS.csproj", "{C70FCC90-1F04-41A6-BBFA-0C860DBA5ACF}"
EndProject
Global
	GlobalSection(SolutionConfigurationPlatforms) = preSolution
		Debug|Any CPU = Debug|Any CPU
		Release|Any CPU = Release|Any CPU
	EndGlobalSection
	GlobalSection(ProjectConfigurationPlatforms) = postSolution
		{79EA36E9-B27A-4C4E-929D-1E798683F901}.Debug|Any CPU.ActiveCfg = Debug|Any CPU
		{79EA36E9-B27A-4C4E-929D-1E798683F901}.Debug|Any CPU.Build.0 = Debug|Any CPU
		{79EA36E9-B27A-4C4E-929D-1E798683F901}.Release|Any CPU.ActiveCfg = Debug|Any CPU
		{79EA36E9-B27A-4C4E-929D-1E798683F901}.Release|Any CPU.Build.0 = Debug|Any CPU
		{4565B0A5-8D9D-4608-A8C3-C2D948677D7E}.Debug|Any CPU.ActiveCfg = Debug|Any CPU
		{4565B0A5-8D9D-4608-A8C3-C2D948677D7E}.Debug|Any CPU.Build.0 = Debug|Any CPU
		{4565B0A5-8D9D-4608-A8C3-C2D948677D7E}.Release|Any CPU.ActiveCfg = Debug|Any CPU
		{4565B0A5-8D9D-4608-A8C3-C2D948677D7E}.Release|Any CPU.Build.0 = Debug|Any CPU
		{08ED6E89-6BEF-4D3B-9F76-002EC80087E3}.Debug|Any CPU.ActiveCfg = Debug|Any CPU
		{08ED6E89-6BEF-4D3B-9F76-002EC80087E3}.Debug|Any CPU.Build.0 = Debug|Any CPU
		{08ED6E89-6BEF-4D3B-9F76-002EC80087E3}.Release|Any CPU.ActiveCfg = Debug|Any CPU
		{08ED6E89-6BEF-4D3B-9F76-002EC80087E3}.Release|Any CPU.Build.0 = Debug|Any CPU
		{741ABE42-376A-429A-A0BB-BD51DBFD6CCF}.Debug|Any CPU.ActiveCfg = Debug|Any CPU
		{741ABE42-376A-429A-A0BB-BD51DBFD6CCF}.Debug|Any CPU.Build.0 = Debug|Any CPU
		{741ABE42-376A-429A-A0BB-BD51DBFD6CCF}.Release|Any CPU.ActiveCfg = Debug|Any CPU
		{741ABE42-376A-429A-A0BB-BD51DBFD6CCF}.Release|Any CPU.Build.0 = Debug|Any CPU
		{7F764584-5B64-4062-BA95-EADE4E5D8515}.Debug|Any CPU.ActiveCfg = Debug|Any CPU
		{7F764584-5B64-4062-BA95-EADE4E5D8515}.Debug|Any CPU.Build.0 = Debug|Any CPU
		{7F764584-5B64-4062-BA95-EADE4E5D8515}.Debug|Any CPU.Deploy.0 = Debug|Any CPU
		{7F764584-5B64-4062-BA95-EADE4E5D8515}.Release|Any CPU.ActiveCfg = Debug|Any CPU
		{7F764584-5B64-4062-BA95-EADE4E5D8515}.Release|Any CPU.Build.0 = Debug|Any CPU
		{7F764584-5B64-4062-BA95-EADE4E5D8515}.Release|Any CPU.Deploy.0 = Debug|Any CPU
		{1D21BAE7-E590-4EF0-8568-30B8EE77A7A4}.Debug|Any CPU.ActiveCfg = Debug|Any CPU
		{1D21BAE7-E590-4EF0-8568-30B8EE77A7A4}.Debug|Any CPU.Build.0 = Debug|Any CPU
		{1D21BAE7-E590-4EF0-8568-30B8EE77A7A4}.Release|Any CPU.ActiveCfg = Debug|Any CPU
		{1D21BAE7-E590-4EF0-8568-30B8EE77A7A4}.Release|Any CPU.Build.0 = Debug|Any CPU
		{47CFDA29-5E29-4795-BD43-9DDE9FEF0A05}.Debug|Any CPU.ActiveCfg = Debug|Any CPU
		{47CFDA29-5E29-4795-BD43-9DDE9FEF0A05}.Debug|Any CPU.Build.0 = Debug|Any CPU
		{47CFDA29-5E29-4795-BD43-9DDE9FEF0A05}.Release|Any CPU.ActiveCfg = Debug|Any CPU
		{47CFDA29-5E29-4795-BD43-9DDE9FEF0A05}.Release|Any CPU.Build.0 = Debug|Any CPU
		{86126E0A-0ED7-413E-B48F-8161A5DC472A}.Debug|Any CPU.ActiveCfg = Debug|Any CPU
		{86126E0A-0ED7-413E-B48F-8161A5DC472A}.Debug|Any CPU.Build.0 = Debug|Any CPU
		{86126E0A-0ED7-413E-B48F-8161A5DC472A}.Debug|Any CPU.Deploy.0 = Debug|Any CPU
		{86126E0A-0ED7-413E-B48F-8161A5DC472A}.Release|Any CPU.ActiveCfg = Release|Any CPU
		{86126E0A-0ED7-413E-B48F-8161A5DC472A}.Release|Any CPU.Build.0 = Release|Any CPU
		{86126E0A-0ED7-413E-B48F-8161A5DC472A}.Release|Any CPU.Deploy.0 = Release|Any CPU
		{5154DAA9-5C62-4AC0-8E2B-CCB5C0403D50}.Debug|Any CPU.ActiveCfg = Debug|Any CPU
		{5154DAA9-5C62-4AC0-8E2B-CCB5C0403D50}.Debug|Any CPU.Build.0 = Debug|Any CPU
		{5154DAA9-5C62-4AC0-8E2B-CCB5C0403D50}.Release|Any CPU.ActiveCfg = Release|Any CPU
		{5154DAA9-5C62-4AC0-8E2B-CCB5C0403D50}.Release|Any CPU.Build.0 = Release|Any CPU
		{CFEA547B-0835-45D3-A6F3-837C0534ECEF}.Debug|Any CPU.ActiveCfg = Debug|Any CPU
		{CFEA547B-0835-45D3-A6F3-837C0534ECEF}.Debug|Any CPU.Build.0 = Debug|Any CPU
		{CFEA547B-0835-45D3-A6F3-837C0534ECEF}.Release|Any CPU.ActiveCfg = Release|Any CPU
		{CFEA547B-0835-45D3-A6F3-837C0534ECEF}.Release|Any CPU.Build.0 = Release|Any CPU
		{F486DA30-84D9-439F-8558-665D0B76993C}.Debug|Any CPU.ActiveCfg = Debug|Any CPU
		{F486DA30-84D9-439F-8558-665D0B76993C}.Debug|Any CPU.Build.0 = Debug|Any CPU
		{F486DA30-84D9-439F-8558-665D0B76993C}.Debug|Any CPU.Deploy.0 = Debug|Any CPU
		{F486DA30-84D9-439F-8558-665D0B76993C}.Release|Any CPU.ActiveCfg = Release|Any CPU
		{F486DA30-84D9-439F-8558-665D0B76993C}.Release|Any CPU.Build.0 = Release|Any CPU
		{F486DA30-84D9-439F-8558-665D0B76993C}.Release|Any CPU.Deploy.0 = Release|Any CPU
		{C70FCC90-1F04-41A6-BBFA-0C860DBA5ACF}.Debug|Any CPU.ActiveCfg = Debug|Any CPU
		{C70FCC90-1F04-41A6-BBFA-0C860DBA5ACF}.Debug|Any CPU.Build.0 = Debug|Any CPU
		{C70FCC90-1F04-41A6-BBFA-0C860DBA5ACF}.Release|Any CPU.ActiveCfg = Release|Any CPU
		{C70FCC90-1F04-41A6-BBFA-0C860DBA5ACF}.Release|Any CPU.Build.0 = Release|Any CPU
	EndGlobalSection
	GlobalSection(SolutionProperties) = preSolution
		HideSolutionNode = FALSE
	EndGlobalSection
	GlobalSection(NestedProjects) = preSolution
		{79EA36E9-B27A-4C4E-929D-1E798683F901} = {E205D419-75F7-4B08-BFB0-FCFADEBC2939}
		{4565B0A5-8D9D-4608-A8C3-C2D948677D7E} = {BDD34E7C-0F5C-428E-B527-7FFA0E5985CF}
		{08ED6E89-6BEF-4D3B-9F76-002EC80087E3} = {C4B678AA-B960-4A8D-B34F-7192E44D6FF5}
		{741ABE42-376A-429A-A0BB-BD51DBFD6CCF} = {DF947708-B7E2-4192-BE07-76CF566C692F}
		{7F764584-5B64-4062-BA95-EADE4E5D8515} = {ECD75A38-9338-4CF9-AB25-A28F3E780609}
		{1D21BAE7-E590-4EF0-8568-30B8EE77A7A4} = {DF947708-B7E2-4192-BE07-76CF566C692F}
		{47CFDA29-5E29-4795-BD43-9DDE9FEF0A05} = {DF947708-B7E2-4192-BE07-76CF566C692F}
		{86126E0A-0ED7-413E-B48F-8161A5DC472A} = {ECD75A38-9338-4CF9-AB25-A28F3E780609}
		{5154DAA9-5C62-4AC0-8E2B-CCB5C0403D50} = {BDD34E7C-0F5C-428E-B527-7FFA0E5985CF}
		{CFEA547B-0835-45D3-A6F3-837C0534ECEF} = {BDD34E7C-0F5C-428E-B527-7FFA0E5985CF}
		{F486DA30-84D9-439F-8558-665D0B76993C} = {ECD75A38-9338-4CF9-AB25-A28F3E780609}
		{C70FCC90-1F04-41A6-BBFA-0C860DBA5ACF} = {BDD34E7C-0F5C-428E-B527-7FFA0E5985CF}
	EndGlobalSection
	GlobalSection(ExtensibilityGlobals) = postSolution
		SolutionGuid = {11774D76-9151-49DE-BC02-6AF3E0FAA6C1}
	EndGlobalSection
EndGlobal
